
Microsoft Visual Studio Solution File, Format Version 12.00
# Visual Studio 15
VisualStudioVersion = 15.0.26124.0
MinimumVisualStudioVersion = 15.0.26124.0
Project("{00D1A9C2-B5F0-4AF3-8072-F6C62B433612}") = "ProductCatalog.Database.Sql", "ProductCatalog.Database.Sql\ProductCatalog.Database.Sql.sqlproj", "{A0759C8A-3F33-4162-A264-BD8AC1BB0DF3}"
EndProject
Global
	GlobalSection(SolutionConfigurationPlatforms) = preSolution
		Debug|Any CPU = Debug|Any CPU
		Debug|x64 = Debug|x64
		Debug|x86 = Debug|x86
		Release|Any CPU = Release|Any CPU
		Release|x64 = Release|x64
		Release|x86 = Release|x86
	EndGlobalSection
	GlobalSection(ProjectConfigurationPlatforms) = postSolution
		{A0759C8A-3F33-4162-A264-BD8AC1BB0DF3}.Debug|Any CPU.ActiveCfg = Debug|Any CPU
		{A0759C8A-3F33-4162-A264-BD8AC1BB0DF3}.Debug|Any CPU.Build.0 = Debug|Any CPU
		{A0759C8A-3F33-4162-A264-BD8AC1BB0DF3}.Debug|Any CPU.Deploy.0 = Debug|Any CPU
		{A0759C8A-3F33-4162-A264-BD8AC1BB0DF3}.Debug|x64.ActiveCfg = Debug|Any CPU
		{A0759C8A-3F33-4162-A264-BD8AC1BB0DF3}.Debug|x64.Build.0 = Debug|Any CPU
		{A0759C8A-3F33-4162-A264-BD8AC1BB0DF3}.Debug|x64.Deploy.0 = Debug|Any CPU
		{A0759C8A-3F33-4162-A264-BD8AC1BB0DF3}.Debug|x86.ActiveCfg = Debug|Any CPU
		{A0759C8A-3F33-4162-A264-BD8AC1BB0DF3}.Debug|x86.Build.0 = Debug|Any CPU
		{A0759C8A-3F33-4162-A264-BD8AC1BB0DF3}.Debug|x86.Deploy.0 = Debug|Any CPU
		{A0759C8A-3F33-4162-A264-BD8AC1BB0DF3}.Release|Any CPU.ActiveCfg = Release|Any CPU
		{A0759C8A-3F33-4162-A264-BD8AC1BB0DF3}.Release|Any CPU.Build.0 = Release|Any CPU
		{A0759C8A-3F33-4162-A264-BD8AC1BB0DF3}.Release|Any CPU.Deploy.0 = Release|Any CPU
		{A0759C8A-3F33-4162-A264-BD8AC1BB0DF3}.Release|x64.ActiveCfg = Release|Any CPU
		{A0759C8A-3F33-4162-A264-BD8AC1BB0DF3}.Release|x64.Build.0 = Release|Any CPU
		{A0759C8A-3F33-4162-A264-BD8AC1BB0DF3}.Release|x64.Deploy.0 = Release|Any CPU
		{A0759C8A-3F33-4162-A264-BD8AC1BB0DF3}.Release|x86.ActiveCfg = Release|Any CPU
		{A0759C8A-3F33-4162-A264-BD8AC1BB0DF3}.Release|x86.Build.0 = Release|Any CPU
		{A0759C8A-3F33-4162-A264-BD8AC1BB0DF3}.Release|x86.Deploy.0 = Release|Any CPU
	EndGlobalSection
	GlobalSection(SolutionProperties) = preSolution
		HideSolutionNode = FALSE
	EndGlobalSection
	GlobalSection(ExtensibilityGlobals) = postSolution
		SolutionGuid = {4FDCED72-D330-4B46-8380-365CA869F181}
	EndGlobalSection
EndGlobal
